
Microsoft Visual Studio Solution File, Format Version 12.00
# Visual Studio Version 17
VisualStudioVersion = 17.10.35122.118
MinimumVisualStudioVersion = 10.0.40219.1
Project("{FAE04EC0-301F-11D3-BF4B-00C04F79EFBC}") = "Kashmir.Captain.Server", "Kashmir.Captain.Server.csproj", "{6BFF5E6B-FF49-40D9-9E4B-9BA1018130EC}"
EndProject
Global
	GlobalSection(SolutionConfigurationPlatforms) = preSolution
		Debug|Any CPU = Debug|Any CPU
		Debug|x64 = Debug|x64
		Debug|x86 = Debug|x86
		Release|Any CPU = Release|Any CPU
		Release|x64 = Release|x64
		Release|x86 = Release|x86
	EndGlobalSection
	GlobalSection(ProjectConfigurationPlatforms) = postSolution
		{6BFF5E6B-FF49-40D9-9E4B-9BA1018130EC}.Debug|Any CPU.ActiveCfg = Debug|Any CPU
		{6BFF5E6B-FF49-40D9-9E4B-9BA1018130EC}.Debug|Any CPU.Build.0 = Debug|Any CPU
		{6BFF5E6B-FF49-40D9-9E4B-9BA1018130EC}.Debug|x64.ActiveCfg = Debug|Any CPU
		{6BFF5E6B-FF49-40D9-9E4B-9BA1018130EC}.Debug|x64.Build.0 = Debug|Any CPU
		{6BFF5E6B-FF49-40D9-9E4B-9BA1018130EC}.Debug|x86.ActiveCfg = Debug|Any CPU
		{6BFF5E6B-FF49-40D9-9E4B-9BA1018130EC}.Debug|x86.Build.0 = Debug|Any CPU
		{6BFF5E6B-FF49-40D9-9E4B-9BA1018130EC}.Release|Any CPU.ActiveCfg = Release|Any CPU
		{6BFF5E6B-FF49-40D9-9E4B-9BA1018130EC}.Release|Any CPU.Build.0 = Release|Any CPU
		{6BFF5E6B-FF49-40D9-9E4B-9BA1018130EC}.Release|x64.ActiveCfg = Release|Any CPU
		{6BFF5E6B-FF49-40D9-9E4B-9BA1018130EC}.Release|x64.Build.0 = Release|Any CPU
		{6BFF5E6B-FF49-40D9-9E4B-9BA1018130EC}.Release|x86.ActiveCfg = Release|Any CPU
		{6BFF5E6B-FF49-40D9-9E4B-9BA1018130EC}.Release|x86.Build.0 = Release|Any CPU
	EndGlobalSection
	GlobalSection(SolutionProperties) = preSolution
		HideSolutionNode = FALSE
	EndGlobalSection
	GlobalSection(ExtensibilityGlobals) = postSolution
		SolutionGuid = {6258BF6C-A4BC-4ABC-85F1-AB0D41B8BCDF}
	EndGlobalSection
EndGlobal
